// !$*UTF8*$!
{
	archiveVersion = 1;
	classes = {
	};
	objectVersion = 55;
	objects = {

/* Begin PBXBuildFile section */
		13B6E25D28ACD44100596B0F /* AppDelegate.swift in Sources */ = {isa = PBXBuildFile; fileRef = 13B6E25C28ACD44100596B0F /* AppDelegate.swift */; };
		13B6E26628ACD44200596B0F /* Assets.xcassets in Resources */ = {isa = PBXBuildFile; fileRef = 13B6E26528ACD44200596B0F /* Assets.xcassets */; };
		13B6E26928ACD44200596B0F /* LaunchScreen.storyboard in Resources */ = {isa = PBXBuildFile; fileRef = 13B6E26728ACD44200596B0F /* LaunchScreen.storyboard */; };
		13B6E27428ACD55500596B0F /* HomeViewController.swift in Sources */ = {isa = PBXBuildFile; fileRef = 13B6E27328ACD55500596B0F /* HomeViewController.swift */; };
		13B6E27728ACDE1C00596B0F /* ClassifyViewController.swift in Sources */ = {isa = PBXBuildFile; fileRef = 13B6E27628ACDE1C00596B0F /* ClassifyViewController.swift */; };
		13B6E29228ADD57F00596B0F /* ClassifyItemCell.swift in Sources */ = {isa = PBXBuildFile; fileRef = 13B6E29128ADD57F00596B0F /* ClassifyItemCell.swift */; };
		13B6E29528ADD67900596B0F /* BookshelfViewController.swift in Sources */ = {isa = PBXBuildFile; fileRef = 13B6E29428ADD67900596B0F /* BookshelfViewController.swift */; };
		13B6E29828ADD74B00596B0F /* MineViewController.swift in Sources */ = {isa = PBXBuildFile; fileRef = 13B6E29728ADD74B00596B0F /* MineViewController.swift */; };
		13B6E29A28ADE91E00596B0F /* Global.swift in Sources */ = {isa = PBXBuildFile; fileRef = 13B6E29928ADE91E00596B0F /* Global.swift */; };
		13B6E29D28AE19EA00596B0F /* NSObject+Extension.swift in Sources */ = {isa = PBXBuildFile; fileRef = 13B6E29C28AE19EA00596B0F /* NSObject+Extension.swift */; };
		13B6E29F28AE25C800596B0F /* UIImage+Extension.swift in Sources */ = {isa = PBXBuildFile; fileRef = 13B6E29E28AE25C800596B0F /* UIImage+Extension.swift */; };
		13F0F86729CBED7A002F4AC1 /* SearchViewController.swift in Sources */ = {isa = PBXBuildFile; fileRef = 13F0F86629CBED7A002F4AC1 /* SearchViewController.swift */; };
/* End PBXBuildFile section */

/* Begin PBXContainerItemProxy section */
		13F0F86029CBE45A002F4AC1 /* PBXContainerItemProxy */ = {
			isa = PBXContainerItemProxy;
			containerPortal = 13F0F85B29CBE45A002F4AC1 /* SnapKit.xcodeproj */;
			proxyType = 2;
			remoteGlobalIDString = EEBCC9D819CC627D0083B827;
			remoteInfo = SnapKit;
		};
		13F0F86229CBE45A002F4AC1 /* PBXContainerItemProxy */ = {
			isa = PBXContainerItemProxy;
			containerPortal = 13F0F85B29CBE45A002F4AC1 /* SnapKit.xcodeproj */;
			proxyType = 2;
			remoteGlobalIDString = EEBCC9E219CC627E0083B827;
			remoteInfo = "SnapKit Tests";
		};
/* End PBXContainerItemProxy section */

/* Begin PBXCopyFilesBuildPhase section */
		13B6E29028ACF0AA00596B0F /* Embed Frameworks */ = {
			isa = PBXCopyFilesBuildPhase;
			buildActionMask = 2147483647;
			dstPath = "";
			dstSubfolderSpec = 10;
			files = (
			);
			name = "Embed Frameworks";
			runOnlyForDeploymentPostprocessing = 0;
		};
/* End PBXCopyFilesBuildPhase section */

/* Begin PBXFileReference section */
		13B6E25928ACD44100596B0F /* U17Cartoon.app */ = {isa = PBXFileReference; explicitFileType = wrapper.application; includeInIndex = 0; path = U17Cartoon.app; sourceTree = BUILT_PRODUCTS_DIR; };
		13B6E25C28ACD44100596B0F /* AppDelegate.swift */ = {isa = PBXFileReference; lastKnownFileType = sourcecode.swift; path = AppDelegate.swift; sourceTree = "<group>"; };
		13B6E26528ACD44200596B0F /* Assets.xcassets */ = {isa = PBXFileReference; lastKnownFileType = folder.assetcatalog; path = Assets.xcassets; sourceTree = "<group>"; };
		13B6E26828ACD44200596B0F /* Base */ = {isa = PBXFileReference; lastKnownFileType = file.storyboard; name = Base; path = Base.lproj/LaunchScreen.storyboard; sourceTree = "<group>"; };
		13B6E26A28ACD44200596B0F /* Info.plist */ = {isa = PBXFileReference; lastKnownFileType = text.plist.xml; path = Info.plist; sourceTree = "<group>"; };
		13B6E27328ACD55500596B0F /* HomeViewController.swift */ = {isa = PBXFileReference; lastKnownFileType = sourcecode.swift; path = HomeViewController.swift; sourceTree = "<group>"; };
		13B6E27628ACDE1C00596B0F /* ClassifyViewController.swift */ = {isa = PBXFileReference; lastKnownFileType = sourcecode.swift; path = ClassifyViewController.swift; sourceTree = "<group>"; };
		13B6E29128ADD57F00596B0F /* ClassifyItemCell.swift */ = {isa = PBXFileReference; lastKnownFileType = sourcecode.swift; path = ClassifyItemCell.swift; sourceTree = "<group>"; };
		13B6E29428ADD67900596B0F /* BookshelfViewController.swift */ = {isa = PBXFileReference; lastKnownFileType = sourcecode.swift; path = BookshelfViewController.swift; sourceTree = "<group>"; };
		13B6E29728ADD74B00596B0F /* MineViewController.swift */ = {isa = PBXFileReference; lastKnownFileType = sourcecode.swift; path = MineViewController.swift; sourceTree = "<group>"; };
		13B6E29928ADE91E00596B0F /* Global.swift */ = {isa = PBXFileReference; lastKnownFileType = sourcecode.swift; path = Global.swift; sourceTree = "<group>"; };
		13B6E29C28AE19EA00596B0F /* NSObject+Extension.swift */ = {isa = PBXFileReference; lastKnownFileType = sourcecode.swift; path = "NSObject+Extension.swift"; sourceTree = "<group>"; };
		13B6E29E28AE25C800596B0F /* UIImage+Extension.swift */ = {isa = PBXFileReference; lastKnownFileType = sourcecode.swift; path = "UIImage+Extension.swift"; sourceTree = "<group>"; };
		13F0F85B29CBE45A002F4AC1 /* SnapKit.xcodeproj */ = {isa = PBXFileReference; lastKnownFileType = "wrapper.pb-project"; name = SnapKit.xcodeproj; path = "../../../../Downloads/SnapKit-develop/SnapKit.xcodeproj"; sourceTree = "<group>"; };
		13F0F86629CBED7A002F4AC1 /* SearchViewController.swift */ = {isa = PBXFileReference; lastKnownFileType = sourcecode.swift; path = SearchViewController.swift; sourceTree = "<group>"; };
/* End PBXFileReference section */

/* Begin PBXFrameworksBuildPhase section */
		13B6E25628ACD44100596B0F /* Frameworks */ = {
			isa = PBXFrameworksBuildPhase;
			buildActionMask = 2147483647;
			files = (
			);
			runOnlyForDeploymentPostprocessing = 0;
		};
/* End PBXFrameworksBuildPhase section */

/* Begin PBXGroup section */
		13B6E25028ACD44100596B0F = {
			isa = PBXGroup;
			children = (
				13B6E25B28ACD44100596B0F /* U17Cartoon */,
				13B6E25A28ACD44100596B0F /* Products */,
				13B6E28D28ACF0AA00596B0F /* Frameworks */,
			);
			sourceTree = "<group>";
		};
		13B6E25A28ACD44100596B0F /* Products */ = {
			isa = PBXGroup;
			children = (
				13B6E25928ACD44100596B0F /* U17Cartoon.app */,
			);
			name = Products;
			sourceTree = "<group>";
		};
		13B6E25B28ACD44100596B0F /* U17Cartoon */ = {
			isa = PBXGroup;
			children = (
				13B6E29B28AE19BA00596B0F /* Extension */,
				13B6E27B28ACEBA400596B0F /* ThirdParty */,
				13B6E27028ACD45600596B0F /* Module */,
				13B6E26528ACD44200596B0F /* Assets.xcassets */,
				13B6E26728ACD44200596B0F /* LaunchScreen.storyboard */,
				13B6E26A28ACD44200596B0F /* Info.plist */,
			);
			path = U17Cartoon;
			sourceTree = "<group>";
		};
		13B6E27028ACD45600596B0F /* Module */ = {
			isa = PBXGroup;
			children = (
				13B6E27228ACD53900596B0F /* Home */,
				13B6E27528ACDDED00596B0F /* Classify */,
				13B6E29328ADD60D00596B0F /* Bookshelf */,
				13B6E29628ADD73200596B0F /* Mine */,
				13B6E25C28ACD44100596B0F /* AppDelegate.swift */,
			);
			path = Module;
			sourceTree = "<group>";
		};
		13B6E27228ACD53900596B0F /* Home */ = {
			isa = PBXGroup;
			children = (
				13B6E27328ACD55500596B0F /* HomeViewController.swift */,
			);
			path = Home;
			sourceTree = "<group>";
		};
		13B6E27528ACDDED00596B0F /* Classify */ = {
			isa = PBXGroup;
			children = (
				13F0F86529CBED48002F4AC1 /* Search */,
				13B6E27828ACE22000596B0F /* View */,
				13B6E27628ACDE1C00596B0F /* ClassifyViewController.swift */,
			);
			path = Classify;
			sourceTree = "<group>";
		};
		13B6E27828ACE22000596B0F /* View */ = {
			isa = PBXGroup;
			children = (
				13B6E29128ADD57F00596B0F /* ClassifyItemCell.swift */,
			);
			path = View;
			sourceTree = "<group>";
		};
		13B6E27B28ACEBA400596B0F /* ThirdParty */ = {
			isa = PBXGroup;
			children = (
				13F0F85B29CBE45A002F4AC1 /* SnapKit.xcodeproj */,
				13B6E29928ADE91E00596B0F /* Global.swift */,
			);
			path = ThirdParty;
			sourceTree = "<group>";
		};
		13B6E28D28ACF0AA00596B0F /* Frameworks */ = {
			isa = PBXGroup;
			children = (
			);
			name = Frameworks;
			sourceTree = "<group>";
		};
		13B6E29328ADD60D00596B0F /* Bookshelf */ = {
			isa = PBXGroup;
			children = (
				13B6E29428ADD67900596B0F /* BookshelfViewController.swift */,
			);
			path = Bookshelf;
			sourceTree = "<group>";
		};
		13B6E29628ADD73200596B0F /* Mine */ = {
			isa = PBXGroup;
			children = (
				13B6E29728ADD74B00596B0F /* MineViewController.swift */,
			);
			path = Mine;
			sourceTree = "<group>";
		};
		13B6E29B28AE19BA00596B0F /* Extension */ = {
			isa = PBXGroup;
			children = (
				13B6E29C28AE19EA00596B0F /* NSObject+Extension.swift */,
				13B6E29E28AE25C800596B0F /* UIImage+Extension.swift */,
			);
			path = Extension;
			sourceTree = "<group>";
		};
		13F0F85C29CBE45A002F4AC1 /* Products */ = {
			isa = PBXGroup;
			children = (
				13F0F86129CBE45A002F4AC1 /* SnapKit.framework */,
				13F0F86329CBE45A002F4AC1 /* SnapKit Tests.xctest */,
			);
			name = Products;
			sourceTree = "<group>";
		};
		13F0F86529CBED48002F4AC1 /* Search */ = {
			isa = PBXGroup;
			children = (
				13F0F86629CBED7A002F4AC1 /* SearchViewController.swift */,
			);
			path = Search;
			sourceTree = "<group>";
		};
/* End PBXGroup section */

/* Begin PBXNativeTarget section */
		13B6E25828ACD44100596B0F /* U17Cartoon */ = {
			isa = PBXNativeTarget;
			buildConfigurationList = 13B6E26D28ACD44200596B0F /* Build configuration list for PBXNativeTarget "U17Cartoon" */;
			buildPhases = (
				13B6E25528ACD44100596B0F /* Sources */,
				13B6E25628ACD44100596B0F /* Frameworks */,
				13B6E25728ACD44100596B0F /* Resources */,
				13B6E29028ACF0AA00596B0F /* Embed Frameworks */,
			);
			buildRules = (
			);
			dependencies = (
			);
			name = U17Cartoon;
			productName = U17Cartoon;
			productReference = 13B6E25928ACD44100596B0F /* U17Cartoon.app */;
			productType = "com.apple.product-type.application";
		};
/* End PBXNativeTarget section */

/* Begin PBXProject section */
		13B6E25128ACD44100596B0F /* Project object */ = {
			isa = PBXProject;
			attributes = {
				BuildIndependentTargetsInParallel = 1;
				LastSwiftUpdateCheck = 1340;
				LastUpgradeCheck = 1340;
				TargetAttributes = {
					13B6E25828ACD44100596B0F = {
						CreatedOnToolsVersion = 13.4;
					};
				};
			};
			buildConfigurationList = 13B6E25428ACD44100596B0F /* Build configuration list for PBXProject "U17Cartoon" */;
			compatibilityVersion = "Xcode 13.0";
			developmentRegion = en;
			hasScannedForEncodings = 0;
			knownRegions = (
				en,
				Base,
			);
			mainGroup = 13B6E25028ACD44100596B0F;
			productRefGroup = 13B6E25A28ACD44100596B0F /* Products */;
			projectDirPath = "";
			projectReferences = (
				{
					ProductGroup = 13F0F85C29CBE45A002F4AC1 /* Products */;
					ProjectRef = 13F0F85B29CBE45A002F4AC1 /* SnapKit.xcodeproj */;
				},
			);
			projectRoot = "";
			targets = (
				13B6E25828ACD44100596B0F /* U17Cartoon */,
			);
		};
/* End PBXProject section */

/* Begin PBXReferenceProxy section */
		13F0F86129CBE45A002F4AC1 /* SnapKit.framework */ = {
			isa = PBXReferenceProxy;
			fileType = wrapper.framework;
			path = SnapKit.framework;
			remoteRef = 13F0F86029CBE45A002F4AC1 /* PBXContainerItemProxy */;
			sourceTree = BUILT_PRODUCTS_DIR;
		};
		13F0F86329CBE45A002F4AC1 /* SnapKit Tests.xctest */ = {
			isa = PBXReferenceProxy;
			fileType = wrapper.cfbundle;
			path = "SnapKit Tests.xctest";
			remoteRef = 13F0F86229CBE45A002F4AC1 /* PBXContainerItemProxy */;
			sourceTree = BUILT_PRODUCTS_DIR;
		};
/* End PBXReferenceProxy section */

/* Begin PBXResourcesBuildPhase section */
		13B6E25728ACD44100596B0F /* Resources */ = {
			isa = PBXResourcesBuildPhase;
			buildActionMask = 2147483647;
			files = (
				13B6E26928ACD44200596B0F /* LaunchScreen.storyboard in Resources */,
				13B6E26628ACD44200596B0F /* Assets.xcassets in Resources */,
			);
			runOnlyForDeploymentPostprocessing = 0;
		};
/* End PBXResourcesBuildPhase section */

/* Begin PBXSourcesBuildPhase section */
		13B6E25528ACD44100596B0F /* Sources */ = {
			isa = PBXSourcesBuildPhase;
			buildActionMask = 2147483647;
			files = (
				13F0F86729CBED7A002F4AC1 /* SearchViewController.swift in Sources */,
				13B6E25D28ACD44100596B0F /* AppDelegate.swift in Sources */,
				13B6E29528ADD67900596B0F /* BookshelfViewController.swift in Sources */,
				13B6E27428ACD55500596B0F /* HomeViewController.swift in Sources */,
				13B6E29F28AE25C800596B0F /* UIImage+Extension.swift in Sources */,
				13B6E29D28AE19EA00596B0F /* NSObject+Extension.swift in Sources */,
				13B6E29228ADD57F00596B0F /* ClassifyItemCell.swift in Sources */,
				13B6E27728ACDE1C00596B0F /* ClassifyViewController.swift in Sources */,
				13B6E29828ADD74B00596B0F /* MineViewController.swift in Sources */,
				13B6E29A28ADE91E00596B0F /* Global.swift in Sources */,
			);
			runOnlyForDeploymentPostprocessing = 0;
		};
/* End PBXSourcesBuildPhase section */

/* Begin PBXVariantGroup section */
		13B6E26728ACD44200596B0F /* LaunchScreen.storyboard */ = {
			isa = PBXVariantGroup;
			children = (
				13B6E26828ACD44200596B0F /* Base */,
			);
			name = LaunchScreen.storyboard;
			sourceTree = "<group>";
		};
/* End PBXVariantGroup section */

/* Begin XCBuildConfiguration section */
		13B6E26B28ACD44200596B0F /* Debug */ = {
			isa = XCBuildConfiguration;
			buildSettings = {
				ALWAYS_SEARCH_USER_PATHS = NO;
				CLANG_ANALYZER_NONNULL = YES;
				CLANG_ANALYZER_NUMBER_OBJECT_CONVERSION = YES_AGGRESSIVE;
				CLANG_CXX_LANGUAGE_STANDARD = "gnu++17";
				CLANG_ENABLE_MODULES = YES;
				CLANG_ENABLE_OBJC_ARC = YES;
				CLANG_ENABLE_OBJC_WEAK = YES;
				CLANG_WARN_BLOCK_CAPTURE_AUTORELEASING = YES;
				CLANG_WARN_BOOL_CONVERSION = YES;
				CLANG_WARN_COMMA = YES;
				CLANG_WARN_CONSTANT_CONVERSION = YES;
				CLANG_WARN_DEPRECATED_OBJC_IMPLEMENTATIONS = YES;
				CLANG_WARN_DIRECT_OBJC_ISA_USAGE = YES_ERROR;
				CLANG_WARN_DOCUMENTATION_COMMENTS = YES;
				CLANG_WARN_EMPTY_BODY = YES;
				CLANG_WARN_ENUM_CONVERSION = YES;
				CLANG_WARN_INFINITE_RECURSION = YES;
				CLANG_WARN_INT_CONVERSION = YES;
				CLANG_WARN_NON_LITERAL_NULL_CONVERSION = YES;
				CLANG_WARN_OBJC_IMPLICIT_RETAIN_SELF = YES;
				CLANG_WARN_OBJC_LITERAL_CONVERSION = YES;
				CLANG_WARN_OBJC_ROOT_CLASS = YES_ERROR;
				CLANG_WARN_QUOTED_INCLUDE_IN_FRAMEWORK_HEADER = YES;
				CLANG_WARN_RANGE_LOOP_ANALYSIS = YES;
				CLANG_WARN_STRICT_PROTOTYPES = YES;
				CLANG_WARN_SUSPICIOUS_MOVE = YES;
				CLANG_WARN_UNGUARDED_AVAILABILITY = YES_AGGRESSIVE;
				CLANG_WARN_UNREACHABLE_CODE = YES;
				CLANG_WARN__DUPLICATE_METHOD_MATCH = YES;
				COPY_PHASE_STRIP = NO;
				DEBUG_INFORMATION_FORMAT = dwarf;
				ENABLE_STRICT_OBJC_MSGSEND = YES;
				ENABLE_TESTABILITY = YES;
				GCC_C_LANGUAGE_STANDARD = gnu11;
				GCC_DYNAMIC_NO_PIC = NO;
				GCC_NO_COMMON_BLOCKS = YES;
				GCC_OPTIMIZATION_LEVEL = 0;
				GCC_PREPROCESSOR_DEFINITIONS = (
					"DEBUG=1",
					"$(inherited)",
				);
				GCC_WARN_64_TO_32_BIT_CONVERSION = YES;
				GCC_WARN_ABOUT_RETURN_TYPE = YES_ERROR;
				GCC_WARN_UNDECLARED_SELECTOR = YES;
				GCC_WARN_UNINITIALIZED_AUTOS = YES_AGGRESSIVE;
				GCC_WARN_UNUSED_FUNCTION = YES;
				GCC_WARN_UNUSED_VARIABLE = YES;
				IPHONEOS_DEPLOYMENT_TARGET = 13.0;
				MTL_ENABLE_DEBUG_INFO = INCLUDE_SOURCE;
				MTL_FAST_MATH = YES;
				ONLY_ACTIVE_ARCH = YES;
				SDKROOT = iphoneos;
				SWIFT_ACTIVE_COMPILATION_CONDITIONS = DEBUG;
				SWIFT_OPTIMIZATION_LEVEL = "-Onone";
			};
			name = Debug;
		};
		13B6E26C28ACD44200596B0F /* Release */ = {
			isa = XCBuildConfiguration;
			buildSettings = {
				ALWAYS_SEARCH_USER_PATHS = NO;
				CLANG_ANALYZER_NONNULL = YES;
				CLANG_ANALYZER_NUMBER_OBJECT_CONVERSION = YES_AGGRESSIVE;
				CLANG_CXX_LANGUAGE_STANDARD = "gnu++17";
				CLANG_ENABLE_MODULES = YES;
				CLANG_ENABLE_OBJC_ARC = YES;
				CLANG_ENABLE_OBJC_WEAK = YES;
				CLANG_WARN_BLOCK_CAPTURE_AUTORELEASING = YES;
				CLANG_WARN_BOOL_CONVERSION = YES;
				CLANG_WARN_COMMA = YES;
				CLANG_WARN_CONSTANT_CONVERSION = YES;
				CLANG_WARN_DEPRECATED_OBJC_IMPLEMENTATIONS = YES;
				CLANG_WARN_DIRECT_OBJC_ISA_USAGE = YES_ERROR;
				CLANG_WARN_DOCUMENTATION_COMMENTS = YES;
				CLANG_WARN_EMPTY_BODY = YES;
				CLANG_WARN_ENUM_CONVERSION = YES;
				CLANG_WARN_INFINITE_RECURSION = YES;
				CLANG_WARN_INT_CONVERSION = YES;
				CLANG_WARN_NON_LITERAL_NULL_CONVERSION = YES;
				CLANG_WARN_OBJC_IMPLICIT_RETAIN_SELF = YES;
				CLANG_WARN_OBJC_LITERAL_CONVERSION = YES;
				CLANG_WARN_OBJC_ROOT_CLASS = YES_ERROR;
				CLANG_WARN_QUOTED_INCLUDE_IN_FRAMEWORK_HEADER = YES;
				CLANG_WARN_RANGE_LOOP_ANALYSIS = YES;
				CLANG_WARN_STRICT_PROTOTYPES = YES;
				CLANG_WARN_SUSPICIOUS_MOVE = YES;
				CLANG_WARN_UNGUARDED_AVAILABILITY = YES_AGGRESSIVE;
				CLANG_WARN_UNREACHABLE_CODE = YES;
				CLANG_WARN__DUPLICATE_METHOD_MATCH = YES;
				COPY_PHASE_STRIP = NO;
				DEBUG_INFORMATION_FORMAT = "dwarf-with-dsym";
				ENABLE_NS_ASSERTIONS = NO;
				ENABLE_STRICT_OBJC_MSGSEND = YES;
				GCC_C_LANGUAGE_STANDARD = gnu11;
				GCC_NO_COMMON_BLOCKS = YES;
				GCC_WARN_64_TO_32_BIT_CONVERSION = YES;
				GCC_WARN_ABOUT_RETURN_TYPE = YES_ERROR;
				GCC_WARN_UNDECLARED_SELECTOR = YES;
				GCC_WARN_UNINITIALIZED_AUTOS = YES_AGGRESSIVE;
				GCC_WARN_UNUSED_FUNCTION = YES;
				GCC_WARN_UNUSED_VARIABLE = YES;
				IPHONEOS_DEPLOYMENT_TARGET = 13.0;
				MTL_ENABLE_DEBUG_INFO = NO;
				MTL_FAST_MATH = YES;
				SDKROOT = iphoneos;
				SWIFT_COMPILATION_MODE = wholemodule;
				SWIFT_OPTIMIZATION_LEVEL = "-O";
				VALIDATE_PRODUCT = YES;
			};
			name = Release;
		};
		13B6E26E28ACD44200596B0F /* Debug */ = {
			isa = XCBuildConfiguration;
			buildSettings = {
				ASSETCATALOG_COMPILER_APPICON_NAME = AppIcon;
				ASSETCATALOG_COMPILER_GLOBAL_ACCENT_COLOR_NAME = AccentColor;
				CODE_SIGN_STYLE = Automatic;
				CURRENT_PROJECT_VERSION = 1;
				DEVELOPMENT_TEAM = 7Y88Z387DB;
				GENERATE_INFOPLIST_FILE = YES;
				INFOPLIST_FILE = U17Cartoon/Info.plist;
				INFOPLIST_KEY_UIApplicationSupportsIndirectInputEvents = YES;
				INFOPLIST_KEY_UILaunchStoryboardName = LaunchScreen;
				INFOPLIST_KEY_UISupportedInterfaceOrientations_iPad = "UIInterfaceOrientationPortrait UIInterfaceOrientationPortraitUpsideDown UIInterfaceOrientationLandscapeLeft UIInterfaceOrientationLandscapeRight";
				INFOPLIST_KEY_UISupportedInterfaceOrientations_iPhone = "UIInterfaceOrientationPortrait UIInterfaceOrientationLandscapeLeft UIInterfaceOrientationLandscapeRight";
				LD_RUNPATH_SEARCH_PATHS = (
					"$(inherited)",
					"@executable_path/Frameworks",
				);
				MARKETING_VERSION = 1.0;
				PRODUCT_BUNDLE_IDENTIFIER = xiao.U17Cartoon;
				PRODUCT_NAME = "$(TARGET_NAME)";
				SWIFT_EMIT_LOC_STRINGS = YES;
				SWIFT_VERSION = 5.0;
				TARGETED_DEVICE_FAMILY = 1;
			};
			name = Debug;
		};
		13B6E26F28ACD44200596B0F /* Release */ = {
			isa = XCBuildConfiguration;
			buildSettings = {
				ASSETCATALOG_COMPILER_APPICON_NAME = AppIcon;
				ASSETCATALOG_COMPILER_GLOBAL_ACCENT_COLOR_NAME = AccentColor;
				CODE_SIGN_STYLE = Automatic;
				CURRENT_PROJECT_VERSION = 1;
				DEVELOPMENT_TEAM = 7Y88Z387DB;
				GENERATE_INFOPLIST_FILE = YES;
				INFOPLIST_FILE = U17Cartoon/Info.plist;
				INFOPLIST_KEY_UIApplicationSupportsIndirectInputEvents = YES;
				INFOPLIST_KEY_UILaunchStoryboardName = LaunchScreen;
				INFOPLIST_KEY_UISupportedInterfaceOrientations_iPad = "UIInterfaceOrientationPortrait UIInterfaceOrientationPortraitUpsideDown UIInterfaceOrientationLandscapeLeft UIInterfaceOrientationLandscapeRight";
				INFOPLIST_KEY_UISupportedInterfaceOrientations_iPhone = "UIInterfaceOrientationPortrait UIInterfaceOrientationLandscapeLeft UIInterfaceOrientationLandscapeRight";
				LD_RUNPATH_SEARCH_PATHS = (
					"$(inherited)",
					"@executable_path/Frameworks",
				);
				MARKETING_VERSION = 1.0;
				PRODUCT_BUNDLE_IDENTIFIER = xiao.U17Cartoon;
				PRODUCT_NAME = "$(TARGET_NAME)";
				SWIFT_EMIT_LOC_STRINGS = YES;
				SWIFT_VERSION = 5.0;
				TARGETED_DEVICE_FAMILY = 1;
			};
			name = Release;
		};
/* End XCBuildConfiguration section */

/* Begin XCConfigurationList section */
		13B6E25428ACD44100596B0F /* Build configuration list for PBXProject "U17Cartoon" */ = {
			isa = XCConfigurationList;
			buildConfigurations = (
				13B6E26B28ACD44200596B0F /* Debug */,
				13B6E26C28ACD44200596B0F /* Release */,
			);
			defaultConfigurationIsVisible = 0;
			defaultConfigurationName = Release;
		};
		13B6E26D28ACD44200596B0F /* Build configuration list for PBXNativeTarget "U17Cartoon" */ = {
			isa = XCConfigurationList;
			buildConfigurations = (
				13B6E26E28ACD44200596B0F /* Debug */,
				13B6E26F28ACD44200596B0F /* Release */,
			);
			defaultConfigurationIsVisible = 0;
			defaultConfigurationName = Release;
		};
/* End XCConfigurationList section */
	};
	rootObject = 13B6E25128ACD44100596B0F /* Project object */;
}
